// !$*UTF8*$!
{
	archiveVersion = 1;
	classes = {
	};
	objectVersion = 56;
	objects = {

/* Begin PBXBuildFile section */
		C9487B9B2999426100F998EF /* StateWithClassData.swift in Sources */ = {isa = PBXBuildFile; fileRef = C9487B9A2999426100F998EF /* StateWithClassData.swift */; };
		C950C31929960487004F7440 /* StateWithToggle.swift in Sources */ = {isa = PBXBuildFile; fileRef = C950C31829960487004F7440 /* StateWithToggle.swift */; };
		C950C31B299605ED004F7440 /* StateWithPicker.swift in Sources */ = {isa = PBXBuildFile; fileRef = C950C31A299605ED004F7440 /* StateWithPicker.swift */; };
		C950C31D29963251004F7440 /* StateWithModifiers.swift in Sources */ = {isa = PBXBuildFile; fileRef = C950C31C29963251004F7440 /* StateWithModifiers.swift */; };
		C952BD992997C0710094E53F /* StateBindingWithOtherViews.swift in Sources */ = {isa = PBXBuildFile; fileRef = C952BD982997C0710094E53F /* StateBindingWithOtherViews.swift */; };
		C963EEE32997BF3900180B05 /* StateWithStructData.swift in Sources */ = {isa = PBXBuildFile; fileRef = C963EEE22997BF3900180B05 /* StateWithStructData.swift */; };
		C98C045A2993CF0700D9FA5C /* PropertyWrappers_Intro.swift in Sources */ = {isa = PBXBuildFile; fileRef = C98C04592993CF0700D9FA5C /* PropertyWrappers_Intro.swift */; };
		C98C045D2993E93900D9FA5C /* BindingToState.swift in Sources */ = {isa = PBXBuildFile; fileRef = C98C045C2993E93900D9FA5C /* BindingToState.swift */; };
		C98C045F2993EAB600D9FA5C /* PropertyWrappers.swift in Sources */ = {isa = PBXBuildFile; fileRef = C98C045E2993EAB600D9FA5C /* PropertyWrappers.swift */; };
		C9AE4E5E29934EE00015871A /* SwiftUI_WorkingWithDataApp.swift in Sources */ = {isa = PBXBuildFile; fileRef = C9AE4E5D29934EE00015871A /* SwiftUI_WorkingWithDataApp.swift */; };
		C9AE4E6029934EE00015871A /* ContentView.swift in Sources */ = {isa = PBXBuildFile; fileRef = C9AE4E5F29934EE00015871A /* ContentView.swift */; };
		C9AE4E6229934EE10015871A /* Assets.xcassets in Resources */ = {isa = PBXBuildFile; fileRef = C9AE4E6129934EE10015871A /* Assets.xcassets */; };
		C9AE4E6529934EE10015871A /* Preview Assets.xcassets in Resources */ = {isa = PBXBuildFile; fileRef = C9AE4E6429934EE10015871A /* Preview Assets.xcassets */; };
		C9F0F78029953A7B000527EB /* StateWithTextField.swift in Sources */ = {isa = PBXBuildFile; fileRef = C9F0F77F29953A7B000527EB /* StateWithTextField.swift */; };
		C9F90C6629934F830080D286 /* HeaderView.swift in Sources */ = {isa = PBXBuildFile; fileRef = C9F90C6529934F830080D286 /* HeaderView.swift */; };
		C9FF94BA299350D600CB78FD /* StructVariables.swift in Sources */ = {isa = PBXBuildFile; fileRef = C9FF94B9299350D600CB78FD /* StructVariables.swift */; };
		C9FF94BC2993525C00CB78FD /* DescView.swift in Sources */ = {isa = PBXBuildFile; fileRef = C9FF94BB2993525C00CB78FD /* DescView.swift */; };
		C9FF94BE2993540000CB78FD /* PassInValue.swift in Sources */ = {isa = PBXBuildFile; fileRef = C9FF94BD2993540000CB78FD /* PassInValue.swift */; };
/* End PBXBuildFile section */

/* Begin PBXFileReference section */
		C9487B9A2999426100F998EF /* StateWithClassData.swift */ = {isa = PBXFileReference; lastKnownFileType = sourcecode.swift; path = StateWithClassData.swift; sourceTree = "<group>"; };
		C950C31829960487004F7440 /* StateWithToggle.swift */ = {isa = PBXFileReference; lastKnownFileType = sourcecode.swift; path = StateWithToggle.swift; sourceTree = "<group>"; };
		C950C31A299605ED004F7440 /* StateWithPicker.swift */ = {isa = PBXFileReference; lastKnownFileType = sourcecode.swift; path = StateWithPicker.swift; sourceTree = "<group>"; };
		C950C31C29963251004F7440 /* StateWithModifiers.swift */ = {isa = PBXFileReference; lastKnownFileType = sourcecode.swift; path = StateWithModifiers.swift; sourceTree = "<group>"; };
		C952BD982997C0710094E53F /* StateBindingWithOtherViews.swift */ = {isa = PBXFileReference; lastKnownFileType = sourcecode.swift; path = StateBindingWithOtherViews.swift; sourceTree = "<group>"; };
		C963EEE22997BF3900180B05 /* StateWithStructData.swift */ = {isa = PBXFileReference; lastKnownFileType = sourcecode.swift; path = StateWithStructData.swift; sourceTree = "<group>"; };
		C98C04592993CF0700D9FA5C /* PropertyWrappers_Intro.swift */ = {isa = PBXFileReference; lastKnownFileType = sourcecode.swift; path = PropertyWrappers_Intro.swift; sourceTree = "<group>"; };
		C98C045C2993E93900D9FA5C /* BindingToState.swift */ = {isa = PBXFileReference; lastKnownFileType = sourcecode.swift; path = BindingToState.swift; sourceTree = "<group>"; };
		C98C045E2993EAB600D9FA5C /* PropertyWrappers.swift */ = {isa = PBXFileReference; lastKnownFileType = sourcecode.swift; path = PropertyWrappers.swift; sourceTree = "<group>"; };
		C9AE4E5A29934EE00015871A /* SwiftUI_WorkingWithData.app */ = {isa = PBXFileReference; explicitFileType = wrapper.application; includeInIndex = 0; path = SwiftUI_WorkingWithData.app; sourceTree = BUILT_PRODUCTS_DIR; };
		C9AE4E5D29934EE00015871A /* SwiftUI_WorkingWithDataApp.swift */ = {isa = PBXFileReference; lastKnownFileType = sourcecode.swift; path = SwiftUI_WorkingWithDataApp.swift; sourceTree = "<group>"; };
		C9AE4E5F29934EE00015871A /* ContentView.swift */ = {isa = PBXFileReference; lastKnownFileType = sourcecode.swift; path = ContentView.swift; sourceTree = "<group>"; };
		C9AE4E6129934EE10015871A /* Assets.xcassets */ = {isa = PBXFileReference; lastKnownFileType = folder.assetcatalog; path = Assets.xcassets; sourceTree = "<group>"; };
		C9AE4E6429934EE10015871A /* Preview Assets.xcassets */ = {isa = PBXFileReference; lastKnownFileType = folder.assetcatalog; path = "Preview Assets.xcassets"; sourceTree = "<group>"; };
		C9F0F77F29953A7B000527EB /* StateWithTextField.swift */ = {isa = PBXFileReference; lastKnownFileType = sourcecode.swift; path = StateWithTextField.swift; sourceTree = "<group>"; };
		C9F90C6529934F830080D286 /* HeaderView.swift */ = {isa = PBXFileReference; lastKnownFileType = sourcecode.swift; path = HeaderView.swift; sourceTree = "<group>"; };
		C9FF94B9299350D600CB78FD /* StructVariables.swift */ = {isa = PBXFileReference; lastKnownFileType = sourcecode.swift; path = StructVariables.swift; sourceTree = "<group>"; };
		C9FF94BB2993525C00CB78FD /* DescView.swift */ = {isa = PBXFileReference; lastKnownFileType = sourcecode.swift; path = DescView.swift; sourceTree = "<group>"; };
		C9FF94BD2993540000CB78FD /* PassInValue.swift */ = {isa = PBXFileReference; lastKnownFileType = sourcecode.swift; path = PassInValue.swift; sourceTree = "<group>"; };
/* End PBXFileReference section */

/* Begin PBXFrameworksBuildPhase section */
		C9AE4E5729934EE00015871A /* Frameworks */ = {
			isa = PBXFrameworksBuildPhase;
			buildActionMask = 2147483647;
			files = (
			);
			runOnlyForDeploymentPostprocessing = 0;
		};
/* End PBXFrameworksBuildPhase section */

/* Begin PBXGroup section */
		C98C04582993CEF800D9FA5C /* Property Wrappers */ = {
			isa = PBXGroup;
			children = (
				C98C04592993CF0700D9FA5C /* PropertyWrappers_Intro.swift */,
			);
			path = "Property Wrappers";
			sourceTree = "<group>";
		};
		C98C045B2993E92A00D9FA5C /* @State */ = {
			isa = PBXGroup;
			children = (
				C98C045C2993E93900D9FA5C /* BindingToState.swift */,
				C98C045E2993EAB600D9FA5C /* PropertyWrappers.swift */,
				C9F0F77F29953A7B000527EB /* StateWithTextField.swift */,
				C950C31829960487004F7440 /* StateWithToggle.swift */,
				C950C31A299605ED004F7440 /* StateWithPicker.swift */,
				C950C31C29963251004F7440 /* StateWithModifiers.swift */,
				C963EEE22997BF3900180B05 /* StateWithStructData.swift */,
				C952BD982997C0710094E53F /* StateBindingWithOtherViews.swift */,
				C9487B9A2999426100F998EF /* StateWithClassData.swift */,
			);
			path = "@State";
			sourceTree = "<group>";
		};
		C9AE4E5129934EE00015871A = {
			isa = PBXGroup;
			children = (
				C9AE4E5C29934EE00015871A /* SwiftUI_WorkingWithData */,
				C9AE4E5B29934EE00015871A /* Products */,
			);
			sourceTree = "<group>";
		};
		C9AE4E5B29934EE00015871A /* Products */ = {
			isa = PBXGroup;
			children = (
				C9AE4E5A29934EE00015871A /* SwiftUI_WorkingWithData.app */,
			);
			name = Products;
			sourceTree = "<group>";
		};
		C9AE4E5C29934EE00015871A /* SwiftUI_WorkingWithData */ = {
			isa = PBXGroup;
			children = (
				C9AE4E5D29934EE00015871A /* SwiftUI_WorkingWithDataApp.swift */,
				C9AE4E5F29934EE00015871A /* ContentView.swift */,
				C9AE4E6B29934EE50015871A /* Common */,
				C9FF94B8299350CB00CB78FD /* Struct Properties */,
				C98C04582993CEF800D9FA5C /* Property Wrappers */,
				C98C045B2993E92A00D9FA5C /* @State */,
				C9AE4E6129934EE10015871A /* Assets.xcassets */,
				C9AE4E6329934EE10015871A /* Preview Content */,
			);
			path = SwiftUI_WorkingWithData;
			sourceTree = "<group>";
		};
		C9AE4E6329934EE10015871A /* Preview Content */ = {
			isa = PBXGroup;
			children = (
				C9AE4E6429934EE10015871A /* Preview Assets.xcassets */,
			);
			path = "Preview Content";
			sourceTree = "<group>";
		};
		C9AE4E6B29934EE50015871A /* Common */ = {
			isa = PBXGroup;
			children = (
				C9F90C6529934F830080D286 /* HeaderView.swift */,
				C9FF94BB2993525C00CB78FD /* DescView.swift */,
			);
			path = Common;
			sourceTree = "<group>";
		};
		C9FF94B8299350CB00CB78FD /* Struct Properties */ = {
			isa = PBXGroup;
			children = (
				C9FF94B9299350D600CB78FD /* StructVariables.swift */,
				C9FF94BD2993540000CB78FD /* PassInValue.swift */,
			);
			path = "Struct Properties";
			sourceTree = "<group>";
		};
/* End PBXGroup section */

/* Begin PBXNativeTarget section */
		C9AE4E5929934EE00015871A /* SwiftUI_WorkingWithData */ = {
			isa = PBXNativeTarget;
			buildConfigurationList = C9AE4E6829934EE10015871A /* Build configuration list for PBXNativeTarget "SwiftUI_WorkingWithData" */;
			buildPhases = (
				C9AE4E5629934EE00015871A /* Sources */,
				C9AE4E5729934EE00015871A /* Frameworks */,
				C9AE4E5829934EE00015871A /* Resources */,
			);
			buildRules = (
			);
			dependencies = (
			);
			name = SwiftUI_WorkingWithData;
			productName = SwiftUI_WorkingWithData;
			productReference = C9AE4E5A29934EE00015871A /* SwiftUI_WorkingWithData.app */;
			productType = "com.apple.product-type.application";
		};
/* End PBXNativeTarget section */

/* Begin PBXProject section */
		C9AE4E5229934EE00015871A /* Project object */ = {
			isa = PBXProject;
			attributes = {
				BuildIndependentTargetsInParallel = 1;
				LastSwiftUpdateCheck = 1420;
				LastUpgradeCheck = 1420;
				TargetAttributes = {
					C9AE4E5929934EE00015871A = {
						CreatedOnToolsVersion = 14.2;
					};
				};
			};
			buildConfigurationList = C9AE4E5529934EE00015871A /* Build configuration list for PBXProject "SwiftUI_WorkingWithData" */;
			compatibilityVersion = "Xcode 14.0";
			developmentRegion = en;
			hasScannedForEncodings = 0;
			knownRegions = (
				en,
				Base,
			);
			mainGroup = C9AE4E5129934EE00015871A;
			productRefGroup = C9AE4E5B29934EE00015871A /* Products */;
			projectDirPath = "";
			projectRoot = "";
			targets = (
				C9AE4E5929934EE00015871A /* SwiftUI_WorkingWithData */,
			);
		};
/* End PBXProject section */

/* Begin PBXResourcesBuildPhase section */
		C9AE4E5829934EE00015871A /* Resources */ = {
			isa = PBXResourcesBuildPhase;
			buildActionMask = 2147483647;
			files = (
				C9AE4E6529934EE10015871A /* Preview Assets.xcassets in Resources */,
				C9AE4E6229934EE10015871A /* Assets.xcassets in Resources */,
			);
			runOnlyForDeploymentPostprocessing = 0;
		};
/* End PBXResourcesBuildPhase section */

/* Begin PBXSourcesBuildPhase section */
		C9AE4E5629934EE00015871A /* Sources */ = {
			isa = PBXSourcesBuildPhase;
			buildActionMask = 2147483647;
			files = (
				C9487B9B2999426100F998EF /* StateWithClassData.swift in Sources */,
				C9AE4E6029934EE00015871A /* ContentView.swift in Sources */,
				C9FF94BC2993525C00CB78FD /* DescView.swift in Sources */,
				C9F90C6629934F830080D286 /* HeaderView.swift in Sources */,
				C9FF94BE2993540000CB78FD /* PassInValue.swift in Sources */,
				C963EEE32997BF3900180B05 /* StateWithStructData.swift in Sources */,
				C9FF94BA299350D600CB78FD /* StructVariables.swift in Sources */,
				C950C31929960487004F7440 /* StateWithToggle.swift in Sources */,
				C950C31D29963251004F7440 /* StateWithModifiers.swift in Sources */,
				C9F0F78029953A7B000527EB /* StateWithTextField.swift in Sources */,
				C9AE4E5E29934EE00015871A /* SwiftUI_WorkingWithDataApp.swift in Sources */,
				C98C045F2993EAB600D9FA5C /* PropertyWrappers.swift in Sources */,
				C98C045D2993E93900D9FA5C /* BindingToState.swift in Sources */,
				C98C045A2993CF0700D9FA5C /* PropertyWrappers_Intro.swift in Sources */,
				C950C31B299605ED004F7440 /* StateWithPicker.swift in Sources */,
				C952BD992997C0710094E53F /* StateBindingWithOtherViews.swift in Sources */,
			);
			runOnlyForDeploymentPostprocessing = 0;
		};
/* End PBXSourcesBuildPhase section */

/* Begin XCBuildConfiguration section */
		C9AE4E6629934EE10015871A /* Debug */ = {
			isa = XCBuildConfiguration;
			buildSettings = {
				ALWAYS_SEARCH_USER_PATHS = NO;
				CLANG_ANALYZER_NONNULL = YES;
				CLANG_ANALYZER_NUMBER_OBJECT_CONVERSION = YES_AGGRESSIVE;
				CLANG_CXX_LANGUAGE_STANDARD = "gnu++20";
				CLANG_ENABLE_MODULES = YES;
				CLANG_ENABLE_OBJC_ARC = YES;
				CLANG_ENABLE_OBJC_WEAK = YES;
				CLANG_WARN_BLOCK_CAPTURE_AUTORELEASING = YES;
				CLANG_WARN_BOOL_CONVERSION = YES;
				CLANG_WARN_COMMA = YES;
				CLANG_WARN_CONSTANT_CONVERSION = YES;
				CLANG_WARN_DEPRECATED_OBJC_IMPLEMENTATIONS = YES;
				CLANG_WARN_DIRECT_OBJC_ISA_USAGE = YES_ERROR;
				CLANG_WARN_DOCUMENTATION_COMMENTS = YES;
				CLANG_WARN_EMPTY_BODY = YES;
				CLANG_WARN_ENUM_CONVERSION = YES;
				CLANG_WARN_INFINITE_RECURSION = YES;
				CLANG_WARN_INT_CONVERSION = YES;
				CLANG_WARN_NON_LITERAL_NULL_CONVERSION = YES;
				CLANG_WARN_OBJC_IMPLICIT_RETAIN_SELF = YES;
				CLANG_WARN_OBJC_LITERAL_CONVERSION = YES;
				CLANG_WARN_OBJC_ROOT_CLASS = YES_ERROR;
				CLANG_WARN_QUOTED_INCLUDE_IN_FRAMEWORK_HEADER = YES;
				CLANG_WARN_RANGE_LOOP_ANALYSIS = YES;
				CLANG_WARN_STRICT_PROTOTYPES = YES;
				CLANG_WARN_SUSPICIOUS_MOVE = YES;
				CLANG_WARN_UNGUARDED_AVAILABILITY = YES_AGGRESSIVE;
				CLANG_WARN_UNREACHABLE_CODE = YES;
				CLANG_WARN__DUPLICATE_METHOD_MATCH = YES;
				COPY_PHASE_STRIP = NO;
				DEBUG_INFORMATION_FORMAT = dwarf;
				ENABLE_STRICT_OBJC_MSGSEND = YES;
				ENABLE_TESTABILITY = YES;
				GCC_C_LANGUAGE_STANDARD = gnu11;
				GCC_DYNAMIC_NO_PIC = NO;
				GCC_NO_COMMON_BLOCKS = YES;
				GCC_OPTIMIZATION_LEVEL = 0;
				GCC_PREPROCESSOR_DEFINITIONS = (
					"DEBUG=1",
					"$(inherited)",
				);
				GCC_WARN_64_TO_32_BIT_CONVERSION = YES;
				GCC_WARN_ABOUT_RETURN_TYPE = YES_ERROR;
				GCC_WARN_UNDECLARED_SELECTOR = YES;
				GCC_WARN_UNINITIALIZED_AUTOS = YES_AGGRESSIVE;
				GCC_WARN_UNUSED_FUNCTION = YES;
				GCC_WARN_UNUSED_VARIABLE = YES;
				IPHONEOS_DEPLOYMENT_TARGET = 16.2;
				MTL_ENABLE_DEBUG_INFO = INCLUDE_SOURCE;
				MTL_FAST_MATH = YES;
				ONLY_ACTIVE_ARCH = YES;
				SDKROOT = iphoneos;
				SWIFT_ACTIVE_COMPILATION_CONDITIONS = DEBUG;
				SWIFT_OPTIMIZATION_LEVEL = "-Onone";
			};
			name = Debug;
		};
		C9AE4E6729934EE10015871A /* Release */ = {
			isa = XCBuildConfiguration;
			buildSettings = {
				ALWAYS_SEARCH_USER_PATHS = NO;
				CLANG_ANALYZER_NONNULL = YES;
				CLANG_ANALYZER_NUMBER_OBJECT_CONVERSION = YES_AGGRESSIVE;
				CLANG_CXX_LANGUAGE_STANDARD = "gnu++20";
				CLANG_ENABLE_MODULES = YES;
				CLANG_ENABLE_OBJC_ARC = YES;
				CLANG_ENABLE_OBJC_WEAK = YES;
				CLANG_WARN_BLOCK_CAPTURE_AUTORELEASING = YES;
				CLANG_WARN_BOOL_CONVERSION = YES;
				CLANG_WARN_COMMA = YES;
				CLANG_WARN_CONSTANT_CONVERSION = YES;
				CLANG_WARN_DEPRECATED_OBJC_IMPLEMENTATIONS = YES;
				CLANG_WARN_DIRECT_OBJC_ISA_USAGE = YES_ERROR;
				CLANG_WARN_DOCUMENTATION_COMMENTS = YES;
				CLANG_WARN_EMPTY_BODY = YES;
				CLANG_WARN_ENUM_CONVERSION = YES;
				CLANG_WARN_INFINITE_RECURSION = YES;
				CLANG_WARN_INT_CONVERSION = YES;
				CLANG_WARN_NON_LITERAL_NULL_CONVERSION = YES;
				CLANG_WARN_OBJC_IMPLICIT_RETAIN_SELF = YES;
				CLANG_WARN_OBJC_LITERAL_CONVERSION = YES;
				CLANG_WARN_OBJC_ROOT_CLASS = YES_ERROR;
				CLANG_WARN_QUOTED_INCLUDE_IN_FRAMEWORK_HEADER = YES;
				CLANG_WARN_RANGE_LOOP_ANALYSIS = YES;
				CLANG_WARN_STRICT_PROTOTYPES = YES;
				CLANG_WARN_SUSPICIOUS_MOVE = YES;
				CLANG_WARN_UNGUARDED_AVAILABILITY = YES_AGGRESSIVE;
				CLANG_WARN_UNREACHABLE_CODE = YES;
				CLANG_WARN__DUPLICATE_METHOD_MATCH = YES;
				COPY_PHASE_STRIP = NO;
				DEBUG_INFORMATION_FORMAT = "dwarf-with-dsym";
				ENABLE_NS_ASSERTIONS = NO;
				ENABLE_STRICT_OBJC_MSGSEND = YES;
				GCC_C_LANGUAGE_STANDARD = gnu11;
				GCC_NO_COMMON_BLOCKS = YES;
				GCC_WARN_64_TO_32_BIT_CONVERSION = YES;
				GCC_WARN_ABOUT_RETURN_TYPE = YES_ERROR;
				GCC_WARN_UNDECLARED_SELECTOR = YES;
				GCC_WARN_UNINITIALIZED_AUTOS = YES_AGGRESSIVE;
				GCC_WARN_UNUSED_FUNCTION = YES;
				GCC_WARN_UNUSED_VARIABLE = YES;
				IPHONEOS_DEPLOYMENT_TARGET = 16.2;
				MTL_ENABLE_DEBUG_INFO = NO;
				MTL_FAST_MATH = YES;
				SDKROOT = iphoneos;
				SWIFT_COMPILATION_MODE = wholemodule;
				SWIFT_OPTIMIZATION_LEVEL = "-O";
				VALIDATE_PRODUCT = YES;
			};
			name = Release;
		};
		C9AE4E6929934EE10015871A /* Debug */ = {
			isa = XCBuildConfiguration;
			buildSettings = {
				ASSETCATALOG_COMPILER_APPICON_NAME = AppIcon;
				ASSETCATALOG_COMPILER_GLOBAL_ACCENT_COLOR_NAME = AccentColor;
				CODE_SIGN_STYLE = Automatic;
				CURRENT_PROJECT_VERSION = 1;
				DEVELOPMENT_ASSET_PATHS = "\"SwiftUI_WorkingWithData/Preview Content\"";
				ENABLE_PREVIEWS = YES;
				GENERATE_INFOPLIST_FILE = YES;
				INFOPLIST_KEY_UIApplicationSceneManifest_Generation = YES;
				INFOPLIST_KEY_UIApplicationSupportsIndirectInputEvents = YES;
				INFOPLIST_KEY_UILaunchScreen_Generation = YES;
				INFOPLIST_KEY_UISupportedInterfaceOrientations_iPad = "UIInterfaceOrientationPortrait UIInterfaceOrientationPortraitUpsideDown UIInterfaceOrientationLandscapeLeft UIInterfaceOrientationLandscapeRight";
				INFOPLIST_KEY_UISupportedInterfaceOrientations_iPhone = "UIInterfaceOrientationPortrait UIInterfaceOrientationLandscapeLeft UIInterfaceOrientationLandscapeRight";
				LD_RUNPATH_SEARCH_PATHS = (
					"$(inherited)",
					"@executable_path/Frameworks",
				);
				MARKETING_VERSION = 1.0;
				PRODUCT_BUNDLE_IDENTIFIER = "com.jlcs.SwiftUI-WorkingWithData";
				PRODUCT_NAME = "$(TARGET_NAME)";
				SWIFT_EMIT_LOC_STRINGS = YES;
				SWIFT_VERSION = 5.0;
				TARGETED_DEVICE_FAMILY = "1,2";
			};
			name = Debug;
		};
		C9AE4E6A29934EE10015871A /* Release */ = {
			isa = XCBuildConfiguration;
			buildSettings = {
				ASSETCATALOG_COMPILER_APPICON_NAME = AppIcon;
				ASSETCATALOG_COMPILER_GLOBAL_ACCENT_COLOR_NAME = AccentColor;
				CODE_SIGN_STYLE = Automatic;
				CURRENT_PROJECT_VERSION = 1;
				DEVELOPMENT_ASSET_PATHS = "\"SwiftUI_WorkingWithData/Preview Content\"";
				ENABLE_PREVIEWS = YES;
				GENERATE_INFOPLIST_FILE = YES;
				INFOPLIST_KEY_UIApplicationSceneManifest_Generation = YES;
				INFOPLIST_KEY_UIApplicationSupportsIndirectInputEvents = YES;
				INFOPLIST_KEY_UILaunchScreen_Generation = YES;
				INFOPLIST_KEY_UISupportedInterfaceOrientations_iPad = "UIInterfaceOrientationPortrait UIInterfaceOrientationPortraitUpsideDown UIInterfaceOrientationLandscapeLeft UIInterfaceOrientationLandscapeRight";
				INFOPLIST_KEY_UISupportedInterfaceOrientations_iPhone = "UIInterfaceOrientationPortrait UIInterfaceOrientationLandscapeLeft UIInterfaceOrientationLandscapeRight";
				LD_RUNPATH_SEARCH_PATHS = (
					"$(inherited)",
					"@executable_path/Frameworks",
				);
				MARKETING_VERSION = 1.0;
				PRODUCT_BUNDLE_IDENTIFIER = "com.jlcs.SwiftUI-WorkingWithData";
				PRODUCT_NAME = "$(TARGET_NAME)";
				SWIFT_EMIT_LOC_STRINGS = YES;
				SWIFT_VERSION = 5.0;
				TARGETED_DEVICE_FAMILY = "1,2";
			};
			name = Release;
		};
/* End XCBuildConfiguration section */

/* Begin XCConfigurationList section */
		C9AE4E5529934EE00015871A /* Build configuration list for PBXProject "SwiftUI_WorkingWithData" */ = {
			isa = XCConfigurationList;
			buildConfigurations = (
				C9AE4E6629934EE10015871A /* Debug */,
				C9AE4E6729934EE10015871A /* Release */,
			);
			defaultConfigurationIsVisible = 0;
			defaultConfigurationName = Release;
		};
		C9AE4E6829934EE10015871A /* Build configuration list for PBXNativeTarget "SwiftUI_WorkingWithData" */ = {
			isa = XCConfigurationList;
			buildConfigurations = (
				C9AE4E6929934EE10015871A /* Debug */,
				C9AE4E6A29934EE10015871A /* Release */,
			);
			defaultConfigurationIsVisible = 0;
			defaultConfigurationName = Release;
		};
/* End XCConfigurationList section */
	};
	rootObject = C9AE4E5229934EE00015871A /* Project object */;
}
